
Microsoft Visual Studio Solution File, Format Version 12.00
# Visual Studio Version 16
VisualStudioVersion = 16.0.31112.23
MinimumVisualStudioVersion = 10.0.40219.1
Project("{FAE04EC0-301F-11D3-BF4B-00C04F79EFBC}") = "InternshipMvc", "InternshipMvc.csproj", "{D1541134-266C-4E88-8448-95AFF2F26082}"
EndProject
Global
	GlobalSection(SolutionConfigurationPlatforms) = preSolution
		Debug|Any CPU = Debug|Any CPU
		Release|Any CPU = Release|Any CPU
	EndGlobalSection
	GlobalSection(ProjectConfigurationPlatforms) = postSolution
		{D1541134-266C-4E88-8448-95AFF2F26082}.Debug|Any CPU.ActiveCfg = Debug|Any CPU
		{D1541134-266C-4E88-8448-95AFF2F26082}.Debug|Any CPU.Build.0 = Debug|Any CPU
		{D1541134-266C-4E88-8448-95AFF2F26082}.Release|Any CPU.ActiveCfg = Release|Any CPU
		{D1541134-266C-4E88-8448-95AFF2F26082}.Release|Any CPU.Build.0 = Release|Any CPU
	EndGlobalSection
	GlobalSection(SolutionProperties) = preSolution
		HideSolutionNode = FALSE
	EndGlobalSection
	GlobalSection(ExtensibilityGlobals) = postSolution
		SolutionGuid = {70607491-1062-4477-8669-3FBEF60CF4D5}
	EndGlobalSection
EndGlobal
